
Microsoft Visual Studio Solution File, Format Version 12.00
# Visual Studio Version 17
VisualStudioVersion = 17.0.31903.59
MinimumVisualStudioVersion = 10.0.40219.1
Project("{2150E333-8FDC-42A3-9474-1A3956D46DE8}") = "Common", "Common", "{881589EE-639B-0A35-DBCE-5D94E4FC90C0}"
EndProject
Project("{FAE04EC0-301F-11D3-BF4B-00C04F79EFBC}") = "WeatherPlatform.Common", "Common\WeatherPlatform.Common.csproj", "{2810C386-2471-40BF-BDE0-9EEB01EA968E}"
EndProject
Project("{2150E333-8FDC-42A3-9474-1A3956D46DE8}") = "Tools", "Tools", "{07C2787E-EAC7-C090-1BA3-A61EC2A24D84}"
EndProject
Project("{2150E333-8FDC-42A3-9474-1A3956D46DE8}") = "TestSeed", "TestSeed", "{889C7A0A-1828-3727-2A16-058F1C866A68}"
EndProject
Project("{FAE04EC0-301F-11D3-BF4B-00C04F79EFBC}") = "WeatherPlatform.Seed", "Tools\TestSeed\WeatherPlatform.Seed.csproj", "{8C08D2A1-D184-463F-9E3F-6C0A1AADD96A}"
EndProject
Global
	GlobalSection(SolutionConfigurationPlatforms) = preSolution
		Debug|Any CPU = Debug|Any CPU
		Debug|x64 = Debug|x64
		Debug|x86 = Debug|x86
		Release|Any CPU = Release|Any CPU
		Release|x64 = Release|x64
		Release|x86 = Release|x86
	EndGlobalSection
	GlobalSection(ProjectConfigurationPlatforms) = postSolution
		{2810C386-2471-40BF-BDE0-9EEB01EA968E}.Debug|Any CPU.ActiveCfg = Debug|Any CPU
		{2810C386-2471-40BF-BDE0-9EEB01EA968E}.Debug|Any CPU.Build.0 = Debug|Any CPU
		{2810C386-2471-40BF-BDE0-9EEB01EA968E}.Debug|x64.ActiveCfg = Debug|Any CPU
		{2810C386-2471-40BF-BDE0-9EEB01EA968E}.Debug|x64.Build.0 = Debug|Any CPU
		{2810C386-2471-40BF-BDE0-9EEB01EA968E}.Debug|x86.ActiveCfg = Debug|Any CPU
		{2810C386-2471-40BF-BDE0-9EEB01EA968E}.Debug|x86.Build.0 = Debug|Any CPU
		{2810C386-2471-40BF-BDE0-9EEB01EA968E}.Release|Any CPU.ActiveCfg = Release|Any CPU
		{2810C386-2471-40BF-BDE0-9EEB01EA968E}.Release|Any CPU.Build.0 = Release|Any CPU
		{2810C386-2471-40BF-BDE0-9EEB01EA968E}.Release|x64.ActiveCfg = Release|Any CPU
		{2810C386-2471-40BF-BDE0-9EEB01EA968E}.Release|x64.Build.0 = Release|Any CPU
		{2810C386-2471-40BF-BDE0-9EEB01EA968E}.Release|x86.ActiveCfg = Release|Any CPU
		{2810C386-2471-40BF-BDE0-9EEB01EA968E}.Release|x86.Build.0 = Release|Any CPU
		{8C08D2A1-D184-463F-9E3F-6C0A1AADD96A}.Debug|Any CPU.ActiveCfg = Debug|Any CPU
		{8C08D2A1-D184-463F-9E3F-6C0A1AADD96A}.Debug|Any CPU.Build.0 = Debug|Any CPU
		{8C08D2A1-D184-463F-9E3F-6C0A1AADD96A}.Debug|x64.ActiveCfg = Debug|Any CPU
		{8C08D2A1-D184-463F-9E3F-6C0A1AADD96A}.Debug|x64.Build.0 = Debug|Any CPU
		{8C08D2A1-D184-463F-9E3F-6C0A1AADD96A}.Debug|x86.ActiveCfg = Debug|Any CPU
		{8C08D2A1-D184-463F-9E3F-6C0A1AADD96A}.Debug|x86.Build.0 = Debug|Any CPU
		{8C08D2A1-D184-463F-9E3F-6C0A1AADD96A}.Release|Any CPU.ActiveCfg = Release|Any CPU
		{8C08D2A1-D184-463F-9E3F-6C0A1AADD96A}.Release|Any CPU.Build.0 = Release|Any CPU
		{8C08D2A1-D184-463F-9E3F-6C0A1AADD96A}.Release|x64.ActiveCfg = Release|Any CPU
		{8C08D2A1-D184-463F-9E3F-6C0A1AADD96A}.Release|x64.Build.0 = Release|Any CPU
		{8C08D2A1-D184-463F-9E3F-6C0A1AADD96A}.Release|x86.ActiveCfg = Release|Any CPU
		{8C08D2A1-D184-463F-9E3F-6C0A1AADD96A}.Release|x86.Build.0 = Release|Any CPU
	EndGlobalSection
	GlobalSection(SolutionProperties) = preSolution
		HideSolutionNode = FALSE
	EndGlobalSection
	GlobalSection(NestedProjects) = preSolution
		{2810C386-2471-40BF-BDE0-9EEB01EA968E} = {881589EE-639B-0A35-DBCE-5D94E4FC90C0}
		{889C7A0A-1828-3727-2A16-058F1C866A68} = {07C2787E-EAC7-C090-1BA3-A61EC2A24D84}
		{8C08D2A1-D184-463F-9E3F-6C0A1AADD96A} = {889C7A0A-1828-3727-2A16-058F1C866A68}
	EndGlobalSection
EndGlobal
